
Microsoft Visual Studio Solution File, Format Version 12.00
# Visual Studio Version 17
VisualStudioVersion = 17.14.36429.23 d17.14
MinimumVisualStudioVersion = 10.0.40219.1
Project("{FAE04EC0-301F-11D3-BF4B-00C04F79EFBC}") = "Desktop", "Desktop\Desktop.csproj", "{DC6F004A-84A0-4D27-B747-34A5D90EC3BE}"
EndProject
Global
	GlobalSection(SolutionConfigurationPlatforms) = preSolution
		Debug|Any CPU = Debug|Any CPU
		Release|Any CPU = Release|Any CPU
	EndGlobalSection
	GlobalSection(ProjectConfigurationPlatforms) = postSolution
		{DC6F004A-84A0-4D27-B747-34A5D90EC3BE}.Debug|Any CPU.ActiveCfg = Debug|Any CPU
		{DC6F004A-84A0-4D27-B747-34A5D90EC3BE}.Debug|Any CPU.Build.0 = Debug|Any CPU
		{DC6F004A-84A0-4D27-B747-34A5D90EC3BE}.Release|Any CPU.ActiveCfg = Release|Any CPU
		{DC6F004A-84A0-4D27-B747-34A5D90EC3BE}.Release|Any CPU.Build.0 = Release|Any CPU
	EndGlobalSection
	GlobalSection(SolutionProperties) = preSolution
		HideSolutionNode = FALSE
	EndGlobalSection
	GlobalSection(ExtensibilityGlobals) = postSolution
		SolutionGuid = {96A43C4A-ABB2-458F-819A-5D507EA69A1F}
	EndGlobalSection
EndGlobal
